{
  "name": "ai-matey-middleware-andbox",
  "version": "0.1.0",
  "lockfileVersion": 3,
  "requires": true,
  "packages": {
    "": {
      "name": "ai-matey-middleware-andbox",
      "version": "0.1.0",
      "license": "MIT",
      "peerDependencies": {
        "andbox": "file:../andbox"
      }
    },
    "../andbox": {
      "version": "0.1.0",
      "license": "MIT",
      "peer": true
    },
    "node_modules/andbox": {
      "resolved": "../andbox",
      "link": true
    }
  }
}
